<?xml version="1.0" encoding="utf-8"?>
<Project ToolsVersion="4.0" xmlns="http://schemas.microsoft.com/developer/msbuild/2003">
  <ItemGroup>
    <Filter Include="Source Files">
      <UniqueIdentifier>{4FC737F1-C7A5-4376-A066-2A32D752A2FF}</UniqueIdentifier>
      <Extensions>cpp;c;cc;cxx;def;odl;idl;hpj;bat;asm;asmx</Extensions>
    </Filter>
    <Filter Include="Header Files">
      <UniqueIdentifier>{93995380-89BD-4b04-88EB-625FBE52EBFB}</UniqueIdentifier>
      <Extensions>h;hh;hpp;hxx;hm;inl;inc;xsd</Extensions>
    </Filter>
    <Filter Include="Resource Files">
      <UniqueIdentifier>{67DA6AB6-F800-4c08-8B7A-83BB121AAD01}</UniqueIdentifier>
      <Extensions>rc;ico;cur;bmp;dlg;rc2;rct;bin;rgs;gif;jpg;jpeg;jpe;resx;tiff;tif;png;wav;mfcribbon-ms</Extensions>
    </Filter>
  </ItemGroup>
  <ItemGroup>
    <ClInclude Include="include\ReflexxesAPI.h">
      <Filter>Header Files</Filter>
    </ClInclude>
    <ClInclude Include="include\RMLFlags.h">
      <Filter>Header Files</Filter>
    </ClInclude>
    <ClInclude Include="include\RMLInputParameters.h">
      <Filter>Header Files</Filter>
    </ClInclude>
    <ClInclude Include="include\RMLOutputParameters.h">
      <Filter>Header Files</Filter>
    </ClInclude>
    <ClInclude Include="include\RMLPositionFlags.h">
      <Filter>Header Files</Filter>
    </ClInclude>
    <ClInclude Include="include\RMLPositionInputParameters.h">
      <Filter>Header Files</Filter>
    </ClInclude>
    <ClInclude Include="include\RMLPositionOutputParameters.h">
      <Filter>Header Files</Filter>
    </ClInclude>
    <ClInclude Include="include\RMLVector.h">
      <Filter>Header Files</Filter>
    </ClInclude>
    <ClInclude Include="include\RMLVelocityFlags.h">
      <Filter>Header Files</Filter>
    </ClInclude>
    <ClInclude Include="include\RMLVelocityInputParameters.h">
      <Filter>Header Files</Filter>
    </ClInclude>
    <ClInclude Include="include\RMLVelocityOutputParameters.h">
      <Filter>Header Files</Filter>
    </ClInclude>
    <ClInclude Include="include\TypeIIRMLDecisions.h">
      <Filter>Header Files</Filter>
    </ClInclude>
    <ClInclude Include="include\TypeIIRMLDecisionTree1A.h">
      <Filter>Header Files</Filter>
    </ClInclude>
    <ClInclude Include="include\TypeIIRMLDecisionTree1B.h">
      <Filter>Header Files</Filter>
    </ClInclude>
    <ClInclude Include="include\TypeIIRMLDecisionTree1C.h">
      <Filter>Header Files</Filter>
    </ClInclude>
    <ClInclude Include="include\TypeIIRMLDecisionTree2.h">
      <Filter>Header Files</Filter>
    </ClInclude>
    <ClInclude Include="include\TypeIIRMLMath.h">
      <Filter>Header Files</Filter>
    </ClInclude>
    <ClInclude Include="include\TypeIIRMLPolynomial.h">
      <Filter>Header Files</Filter>
    </ClInclude>
    <ClInclude Include="include\TypeIIRMLPosition.h">
      <Filter>Header Files</Filter>
    </ClInclude>
    <ClInclude Include="include\TypeIIRMLQuicksort.h">
      <Filter>Header Files</Filter>
    </ClInclude>
    <ClInclude Include="include\TypeIIRMLStep1IntermediateProfiles.h">
      <Filter>Header Files</Filter>
    </ClInclude>
    <ClInclude Include="include\TypeIIRMLStep1Profiles.h">
      <Filter>Header Files</Filter>
    </ClInclude>
    <ClInclude Include="include\TypeIIRMLStep2IntermediateProfiles.h">
      <Filter>Header Files</Filter>
    </ClInclude>
    <ClInclude Include="include\TypeIIRMLStep2Profiles.h">
      <Filter>Header Files</Filter>
    </ClInclude>
    <ClInclude Include="include\TypeIIRMLStep2WithoutSynchronization.h">
      <Filter>Header Files</Filter>
    </ClInclude>
    <ClInclude Include="include\TypeIIRMLVelocity.h">
      <Filter>Header Files</Filter>
    </ClInclude>
    <ClInclude Include="Core.h">
      <Filter>Header Files</Filter>
    </ClInclude>
  </ItemGroup>
  <ItemGroup>
    <ClCompile Include="src\ReflexxesAPI.cpp">
      <Filter>Source Files</Filter>
    </ClCompile>
    <ClCompile Include="src\TypeIIRMLCalculatePositionalExtrems.cpp">
      <Filter>Source Files</Filter>
    </ClCompile>
    <ClCompile Include="src\TypeIIRMLDecisions.cpp">
      <Filter>Source Files</Filter>
    </ClCompile>
    <ClCompile Include="src\TypeIIRMLDecisionTree1A.cpp">
      <Filter>Source Files</Filter>
    </ClCompile>
    <ClCompile Include="src\TypeIIRMLDecisionTree1B.cpp">
      <Filter>Source Files</Filter>
    </ClCompile>
    <ClCompile Include="src\TypeIIRMLDecisionTree1C.cpp">
      <Filter>Source Files</Filter>
    </ClCompile>
    <ClCompile Include="src\TypeIIRMLDecisionTree2.cpp">
      <Filter>Source Files</Filter>
    </ClCompile>
    <ClCompile Include="src\TypeIIRMLFallBackStrategy.cpp">
      <Filter>Source Files</Filter>
    </ClCompile>
    <ClCompile Include="src\TypeIIRMLIsPhaseSynchronizationPossible.cpp">
      <Filter>Source Files</Filter>
    </ClCompile>
    <ClCompile Include="src\TypeIIRMLPolynomial.cpp">
      <Filter>Source Files</Filter>
    </ClCompile>
    <ClCompile Include="src\TypeIIRMLPosition.cpp">
      <Filter>Source Files</Filter>
    </ClCompile>
    <ClCompile Include="src\TypeIIRMLQuicksort.cpp">
      <Filter>Source Files</Filter>
    </ClCompile>
    <ClCompile Include="src\TypeIIRMLSetupModifiedSelectionVector.cpp">
      <Filter>Source Files</Filter>
    </ClCompile>
    <ClCompile Include="src\TypeIIRMLStep1.cpp">
      <Filter>Source Files</Filter>
    </ClCompile>
    <ClCompile Include="src\TypeIIRMLStep1IntermediateProfiles.cpp">
      <Filter>Source Files</Filter>
    </ClCompile>
    <ClCompile Include="src\TypeIIRMLStep1Profiles.cpp">
      <Filter>Source Files</Filter>
    </ClCompile>
    <ClCompile Include="src\TypeIIRMLStep2.cpp">
      <Filter>Source Files</Filter>
    </ClCompile>
    <ClCompile Include="src\TypeIIRMLStep2IntermediateProfiles.cpp">
      <Filter>Source Files</Filter>
    </ClCompile>
    <ClCompile Include="src\TypeIIRMLStep2PhaseSynchronization.cpp">
      <Filter>Source Files</Filter>
    </ClCompile>
    <ClCompile Include="src\TypeIIRMLStep2Profiles.cpp">
      <Filter>Source Files</Filter>
    </ClCompile>
    <ClCompile Include="src\TypeIIRMLStep2WithoutSynchronization.cpp">
      <Filter>Source Files</Filter>
    </ClCompile>
    <ClCompile Include="src\TypeIIRMLStep3.cpp">
      <Filter>Source Files</Filter>
    </ClCompile>
    <ClCompile Include="src\TypeIIRMLVelocity.cpp">
      <Filter>Source Files</Filter>
    </ClCompile>
    <ClCompile Include="src\TypeIIRMLVelocityCalculatePositionalExtrems.cpp">
      <Filter>Source Files</Filter>
    </ClCompile>
    <ClCompile Include="src\TypeIIRMLVelocityFallBackStrategy.cpp">
      <Filter>Source Files</Filter>
    </ClCompile>
    <ClCompile Include="src\TypeIIRMLVelocityIsPhaseSynchronizationPossible.cpp">
      <Filter>Source Files</Filter>
    </ClCompile>
    <ClCompile Include="src\TypeIIRMLVelocityMethods.cpp">
      <Filter>Source Files</Filter>
    </ClCompile>
    <ClCompile Include="src\TypeIIRMLVelocitySetupPhaseSyncSelectionVector.cpp">
      <Filter>Source Files</Filter>
    </ClCompile>
  </ItemGroup>
</Project>